
Microsoft Visual Studio Solution File, Format Version 12.00
# Visual Studio Version 17
VisualStudioVersion = 17.13.36105.23
MinimumVisualStudioVersion = 10.0.40219.1
Project("{FAE04EC0-301F-11D3-BF4B-00C04F79EFBC}") = "StructureResultsViewer", "StructureResultsViewer\StructureResultsViewer.csproj", "{E1C272FB-E6A2-9323-F04A-49726991BE49}"
EndProject
Project("{54435603-DBB4-11D2-8724-00A0C9A8B90C}") = "InstallerAssistantProject", "InstallerAssistantProject\InstallerAssistantProject.vdproj", "{751E2C3B-8D97-A632-7FB0-C7CBD26FC954}"
EndProject
Global
	GlobalSection(SolutionConfigurationPlatforms) = preSolution
		Debug|Any CPU = Debug|Any CPU
		Release|Any CPU = Release|Any CPU
	EndGlobalSection
	GlobalSection(ProjectConfigurationPlatforms) = postSolution
		{E1C272FB-E6A2-9323-F04A-49726991BE49}.Debug|Any CPU.ActiveCfg = Debug|Any CPU
		{E1C272FB-E6A2-9323-F04A-49726991BE49}.Debug|Any CPU.Build.0 = Debug|Any CPU
		{E1C272FB-E6A2-9323-F04A-49726991BE49}.Release|Any CPU.ActiveCfg = Release|Any CPU
		{E1C272FB-E6A2-9323-F04A-49726991BE49}.Release|Any CPU.Build.0 = Release|Any CPU
		{751E2C3B-8D97-A632-7FB0-C7CBD26FC954}.Debug|Any CPU.ActiveCfg = Debug
		{751E2C3B-8D97-A632-7FB0-C7CBD26FC954}.Release|Any CPU.ActiveCfg = Release
	EndGlobalSection
	GlobalSection(SolutionProperties) = preSolution
		HideSolutionNode = FALSE
	EndGlobalSection
	GlobalSection(ExtensibilityGlobals) = postSolution
		SolutionGuid = {993C693F-A244-49D2-A3D3-B311E8B0A3C2}
	EndGlobalSection
EndGlobal
